
Microsoft Visual Studio Solution File, Format Version 12.00
# Visual Studio 15
VisualStudioVersion = 15.0.27130.2036
MinimumVisualStudioVersion = 10.0.40219.1
Project("{FAE04EC0-301F-11D3-BF4B-00C04F79EFBC}") = "EagleEye2", "EagleEye2\EagleEye2.csproj", "{19C9F6ED-09C4-4020-8BD6-1982FF3E9DF6}"
EndProject
Global
	GlobalSection(SolutionConfigurationPlatforms) = preSolution
		Debug|Any CPU = Debug|Any CPU
		Release|Any CPU = Release|Any CPU
	EndGlobalSection
	GlobalSection(ProjectConfigurationPlatforms) = postSolution
		{19C9F6ED-09C4-4020-8BD6-1982FF3E9DF6}.Debug|Any CPU.ActiveCfg = Debug|Any CPU
		{19C9F6ED-09C4-4020-8BD6-1982FF3E9DF6}.Debug|Any CPU.Build.0 = Debug|Any CPU
		{19C9F6ED-09C4-4020-8BD6-1982FF3E9DF6}.Release|Any CPU.ActiveCfg = Release|Any CPU
		{19C9F6ED-09C4-4020-8BD6-1982FF3E9DF6}.Release|Any CPU.Build.0 = Release|Any CPU
	EndGlobalSection
	GlobalSection(SolutionProperties) = preSolution
		HideSolutionNode = FALSE
	EndGlobalSection
	GlobalSection(ExtensibilityGlobals) = postSolution
		SolutionGuid = {550B16A6-97AB-4122-AA5F-1025319A4A50}
	EndGlobalSection
EndGlobal
